{
  "name": "@usetoki/toki",
  "version": "0.9.0",
  "lockfileVersion": 3,
  "requires": true,
  "dev": true,
  "packages": {
    "": {
      "name": "@usetoki/toki",
      "version": "0.9.0",
      "dev": true,
      "license": "MIT",
      "workspaces": [
        "plugins/*"
      ],
      "devDependencies": {
        "@types/node": "^24",
        "prettier": "^3",
        "typescript": "^5"
      },
      "engines": {
        "node": ">=20"
      },
      "optionalDependencies": {
        "@usetoki/toki-darwin-arm64": "0.3.0",
        "@usetoki/toki-darwin-x64": "0.3.0",
        "@usetoki/toki-freebsd-x64": "0.3.0",
        "@usetoki/toki-linux-arm-gnueabihf": "0.3.0",
        "@usetoki/toki-linux-arm64-gnu": "0.3.0",
        "@usetoki/toki-linux-arm64-musl": "0.3.0",
        "@usetoki/toki-linux-x64-gnu": "0.3.0",
        "@usetoki/toki-linux-x64-musl": "0.3.0",
        "@usetoki/toki-win32-arm64-msvc": "0.3.0",
        "@usetoki/toki-win32-ia32-msvc": "0.3.0",
        "@usetoki/toki-win32-x64-msvc": "0.3.0"
      }
    },
    "node_modules/@types/node": {
      "version": "24.13.0",
      "resolved": "https://registry.npmjs.org/@types/node/-/node-24.13.0.tgz",
      "integrity": "sha512-5vtOqGQr4NJKeEzV441FcOi2MeG9UTWq9LqVLGneDdu4vlX17H8kQ2PA2UmNwCUGPVDj4oBjNhS7ReVEIWJJrg==",
      "dev": true,
      "license": "MIT",
      "dependencies": {
        "undici-types": "~7.18.0"
      }
    },
    "node_modules/@usetoki/toki": {
      "resolved": "",
      "link": true
    },
    "node_modules/@usetoki/toki-auth": {
      "resolved": "plugins/auth",
      "link": true
    },
    "node_modules/@usetoki/toki-autoload": {
      "resolved": "plugins/autoload",
      "link": true
    },
    "node_modules/@usetoki/toki-cache": {
      "resolved": "plugins/cache",
      "link": true
    },
    "node_modules/@usetoki/toki-circuit-breaker": {
      "resolved": "plugins/circuit-breaker",
      "link": true
    },
    "node_modules/@usetoki/toki-cookie": {
      "resolved": "plugins/cookie",
      "link": true
    },
    "node_modules/@usetoki/toki-csrf": {
      "resolved": "plugins/csrf",
      "link": true
    },
    "node_modules/@usetoki/toki-darwin-arm64": {
      "version": "0.3.0",
      "resolved": "https://registry.npmjs.org/@usetoki/toki-darwin-arm64/-/toki-darwin-arm64-0.3.0.tgz",
      "integrity": "sha512-KjbHLYB8TNPtxl8VAE5W/qLbO2xeOuRLL+xc1xRd56xwD74Xt7ezBdoe7dDQMT/daOAEN9uAofOEneC24E+Uvg==",
      "cpu": [
        "arm64"
      ],
      "license": "MIT",
      "optional": true,
      "os": [
        "darwin"
      ],
      "engines": {
        "node": ">=20"
      }
    },
    "node_modules/@usetoki/toki-darwin-x64": {
      "version": "0.3.0",
      "resolved": "https://registry.npmjs.org/@usetoki/toki-darwin-x64/-/toki-darwin-x64-0.3.0.tgz",
      "integrity": "sha512-u2wy1GBNb+Y7SgmqJW9j+pe8CODpekji72Oyz/4F9x4xWXlWqEgSntWx8PUEpbK21d0wDEadilhBReVaiR+vTw==",
      "cpu": [
        "x64"
      ],
      "license": "MIT",
      "optional": true,
      "os": [
        "darwin"
      ],
      "engines": {
        "node": ">=20"
      }
    },
    "node_modules/@usetoki/toki-env": {
      "resolved": "plugins/env",
      "link": true
    },
    "node_modules/@usetoki/toki-etag": {
      "resolved": "plugins/etag",
      "link": true
    },
    "node_modules/@usetoki/toki-freebsd-x64": {
      "version": "0.3.0",
      "resolved": "https://registry.npmjs.org/@usetoki/toki-freebsd-x64/-/toki-freebsd-x64-0.3.0.tgz",
      "integrity": "sha512-/TXn4CCrr6kY3OdSmm8SXRCRAZefco6ycjccG6s0twq2D2LWk0TKUPvCVKrTZ195ZOXFtmNu9DxwTEYX2P9F1Q==",
      "cpu": [
        "x64"
      ],
      "license": "MIT",
      "optional": true,
      "os": [
        "freebsd"
      ],
      "engines": {
        "node": ">=20"
      }
    },
    "node_modules/@usetoki/toki-helmet": {
      "resolved": "plugins/helmet",
      "link": true
    },
    "node_modules/@usetoki/toki-idempotency": {
      "resolved": "plugins/idempotency",
      "link": true
    },
    "node_modules/@usetoki/toki-ip-filter": {
      "resolved": "plugins/ip-filter",
      "link": true
    },
    "node_modules/@usetoki/toki-jwt": {
      "resolved": "plugins/jwt",
      "link": true
    },
    "node_modules/@usetoki/toki-linux-arm-gnueabihf": {
      "version": "0.3.0",
      "resolved": "https://registry.npmjs.org/@usetoki/toki-linux-arm-gnueabihf/-/toki-linux-arm-gnueabihf-0.3.0.tgz",
      "integrity": "sha512-m16uXNrXYyLGBhYZ01YRFGL5wdk380hfGNJ9PzKb8V+o3OPWCFPfphEJCh711Ehw7WB50G8BP6pUdXmjZJMQNA==",
      "cpu": [
        "arm"
      ],
      "libc": [
        "glibc"
      ],
      "license": "MIT",
      "optional": true,
      "os": [
        "linux"
      ],
      "engines": {
        "node": ">=20"
      }
    },
    "node_modules/@usetoki/toki-linux-arm64-gnu": {
      "version": "0.3.0",
      "resolved": "https://registry.npmjs.org/@usetoki/toki-linux-arm64-gnu/-/toki-linux-arm64-gnu-0.3.0.tgz",
      "integrity": "sha512-xFSJFSz4YEYtc2sNBTOoKsVno2OL9uaw9uj3Nn3+YbNgy8994668/tj2XDO3vLDLIAhk3SDWs+KgqU7K/RQk6g==",
      "cpu": [
        "arm64"
      ],
      "libc": [
        "glibc"
      ],
      "license": "MIT",
      "optional": true,
      "os": [
        "linux"
      ],
      "engines": {
        "node": ">=20"
      }
    },
    "node_modules/@usetoki/toki-linux-arm64-musl": {
      "version": "0.3.0",
      "resolved": "https://registry.npmjs.org/@usetoki/toki-linux-arm64-musl/-/toki-linux-arm64-musl-0.3.0.tgz",
      "integrity": "sha512-UX1R+11atQbChPQOVh9ytmIWL2nytE8y3ERD4C5v8JMzto+7vQ562v9469YOdM9/fJ+SY85O4DbmcG7bdLw+bQ==",
      "cpu": [
        "arm64"
      ],
      "libc": [
        "musl"
      ],
      "license": "MIT",
      "optional": true,
      "os": [
        "linux"
      ],
      "engines": {
        "node": ">=20"
      }
    },
    "node_modules/@usetoki/toki-linux-x64-gnu": {
      "version": "0.3.0",
      "resolved": "https://registry.npmjs.org/@usetoki/toki-linux-x64-gnu/-/toki-linux-x64-gnu-0.3.0.tgz",
      "integrity": "sha512-IRIum/2nldLw0ucVhecnrvllUWjaum8rhf2iVBvLa1ZqgvGrLFnuH0rDMkoWBGAOVT30K9z0V2LG3T7J4QCBYA==",
      "cpu": [
        "x64"
      ],
      "libc": [
        "glibc"
      ],
      "license": "MIT",
      "optional": true,
      "os": [
        "linux"
      ],
      "engines": {
        "node": ">=20"
      }
    },
    "node_modules/@usetoki/toki-linux-x64-musl": {
      "version": "0.3.0",
      "resolved": "https://registry.npmjs.org/@usetoki/toki-linux-x64-musl/-/toki-linux-x64-musl-0.3.0.tgz",
      "integrity": "sha512-9Tprp/e2UHvtIxWwcexRK21N5QxgDb7tXUaBJRGX8muuutyd9FpiFBFKPNr3P833BZhCPuqoi+qjLYqEHZEo4g==",
      "cpu": [
        "x64"
      ],
      "libc": [
        "musl"
      ],
      "license": "MIT",
      "optional": true,
      "os": [
        "linux"
      ],
      "engines": {
        "node": ">=20"
      }
    },
    "node_modules/@usetoki/toki-multipart-storage": {
      "resolved": "plugins/multipart-storage",
      "link": true
    },
    "node_modules/@usetoki/toki-proxy": {
      "resolved": "plugins/proxy",
      "link": true
    },
    "node_modules/@usetoki/toki-range": {
      "resolved": "plugins/range",
      "link": true
    },
    "node_modules/@usetoki/toki-ratelimiter": {
      "resolved": "plugins/ratelimiter",
      "link": true
    },
    "node_modules/@usetoki/toki-secure-session": {
      "resolved": "plugins/secure-session",
      "link": true
    },
    "node_modules/@usetoki/toki-sensible": {
      "resolved": "plugins/sensible",
      "link": true
    },
    "node_modules/@usetoki/toki-session": {
      "resolved": "plugins/session",
      "link": true
    },
    "node_modules/@usetoki/toki-sse": {
      "resolved": "plugins/sse",
      "link": true
    },
    "node_modules/@usetoki/toki-view": {
      "resolved": "plugins/view",
      "link": true
    },
    "node_modules/@usetoki/toki-win32-arm64-msvc": {
      "version": "0.3.0",
      "resolved": "https://registry.npmjs.org/@usetoki/toki-win32-arm64-msvc/-/toki-win32-arm64-msvc-0.3.0.tgz",
      "integrity": "sha512-XWdq1vDDGj0+nEVoQn74j+jroCZfKDfqSGnbO+R28nBVvPbdjzHMSsAf78nHgeGe3t4u6jScWlIiur0b0VDvxQ==",
      "cpu": [
        "arm64"
      ],
      "license": "MIT",
      "optional": true,
      "os": [
        "win32"
      ],
      "engines": {
        "node": ">=20"
      }
    },
    "node_modules/@usetoki/toki-win32-ia32-msvc": {
      "version": "0.3.0",
      "resolved": "https://registry.npmjs.org/@usetoki/toki-win32-ia32-msvc/-/toki-win32-ia32-msvc-0.3.0.tgz",
      "integrity": "sha512-7WhYQUtCevW9BCdOW7tCjRzIIqU+vcVQcmFo6YOl0sP8NUCA9gEgpAaoKp9rk/IQ3E1Ux77LvS8k49BIA2TZ5Q==",
      "cpu": [
        "ia32"
      ],
      "license": "MIT",
      "optional": true,
      "os": [
        "win32"
      ],
      "engines": {
        "node": ">=20"
      }
    },
    "node_modules/@usetoki/toki-win32-x64-msvc": {
      "version": "0.3.0",
      "resolved": "https://registry.npmjs.org/@usetoki/toki-win32-x64-msvc/-/toki-win32-x64-msvc-0.3.0.tgz",
      "integrity": "sha512-/DjIf9u8zWF/RFNb/x4p3CtAeygfgTjffMK1ZopXleWlr7zapK+KHmTYkKi60vivZUW5sFUBpMEzHll+oQkH3w==",
      "cpu": [
        "x64"
      ],
      "license": "MIT",
      "optional": true,
      "os": [
        "win32"
      ],
      "engines": {
        "node": ">=20"
      }
    },
    "node_modules/prettier": {
      "version": "3.8.3",
      "resolved": "https://registry.npmjs.org/prettier/-/prettier-3.8.3.tgz",
      "integrity": "sha512-7igPTM53cGHMW8xWuVTydi2KO233VFiTNyF5hLJqpilHfmn8C8gPf+PS7dUT64YcXFbiMGZxS9pCSxL/Dxm/Jw==",
      "dev": true,
      "license": "MIT",
      "bin": {
        "prettier": "bin/prettier.cjs"
      },
      "engines": {
        "node": ">=14"
      },
      "funding": {
        "url": "https://github.com/prettier/prettier?sponsor=1"
      }
    },
    "node_modules/typescript": {
      "version": "5.9.3",
      "resolved": "https://registry.npmjs.org/typescript/-/typescript-5.9.3.tgz",
      "integrity": "sha512-jl1vZzPDinLr9eUt3J/t7V6FgNEw9QjvBPdysz9KfQDD41fQrC2Y4vKQdiaUpFT4bXlb1RHhLpp8wtm6M5TgSw==",
      "dev": true,
      "license": "Apache-2.0",
      "bin": {
        "tsc": "bin/tsc",
        "tsserver": "bin/tsserver"
      },
      "engines": {
        "node": ">=14.17"
      }
    },
    "node_modules/undici-types": {
      "version": "7.18.2",
      "resolved": "https://registry.npmjs.org/undici-types/-/undici-types-7.18.2.tgz",
      "integrity": "sha512-AsuCzffGHJybSaRrmr5eHr81mwJU3kjw6M+uprWvCXiNeN9SOGwQ3Jn8jb8m3Z6izVgknn1R0FTCEAP2QrLY/w==",
      "dev": true,
      "license": "MIT"
    },
    "plugins/auth": {
      "name": "@usetoki/toki-auth",
      "version": "0.1.0",
      "license": "MIT",
      "devDependencies": {
        "@usetoki/toki": "file:../.."
      },
      "engines": {
        "node": ">=20"
      },
      "peerDependencies": {
        "@usetoki/toki": ">=0.3.0"
      }
    },
    "plugins/autoload": {
      "name": "@usetoki/toki-autoload",
      "version": "0.1.0",
      "license": "MIT",
      "devDependencies": {
        "@usetoki/toki": "file:../.."
      },
      "engines": {
        "node": ">=20"
      },
      "peerDependencies": {
        "@usetoki/toki": ">=0.3.0"
      }
    },
    "plugins/cache": {
      "name": "@usetoki/toki-cache",
      "version": "0.1.2",
      "license": "MIT",
      "devDependencies": {
        "@usetoki/toki": "file:../.."
      },
      "engines": {
        "node": ">=20"
      },
      "peerDependencies": {
        "@usetoki/toki": ">=0.3.0"
      }
    },
    "plugins/circuit-breaker": {
      "name": "@usetoki/toki-circuit-breaker",
      "version": "0.1.0",
      "license": "MIT",
      "devDependencies": {
        "@usetoki/toki": "file:../.."
      },
      "engines": {
        "node": ">=20"
      },
      "peerDependencies": {
        "@usetoki/toki": ">=0.3.0"
      }
    },
    "plugins/cookie": {
      "name": "@usetoki/toki-cookie",
      "version": "0.1.0",
      "license": "MIT",
      "devDependencies": {
        "@usetoki/toki": "file:../.."
      },
      "engines": {
        "node": ">=20"
      },
      "peerDependencies": {
        "@usetoki/toki": ">=0.3.0"
      }
    },
    "plugins/csrf": {
      "name": "@usetoki/toki-csrf",
      "version": "0.1.0",
      "license": "MIT",
      "dependencies": {
        "@usetoki/toki-cookie": "^0.1.0"
      },
      "devDependencies": {
        "@usetoki/toki": "file:../.."
      },
      "engines": {
        "node": ">=20"
      },
      "peerDependencies": {
        "@usetoki/toki": ">=0.3.0"
      }
    },
    "plugins/env": {
      "name": "@usetoki/toki-env",
      "version": "0.1.0",
      "license": "MIT",
      "engines": {
        "node": ">=20"
      }
    },
    "plugins/etag": {
      "name": "@usetoki/toki-etag",
      "version": "0.1.0",
      "license": "MIT",
      "devDependencies": {
        "@usetoki/toki": "file:../.."
      },
      "engines": {
        "node": ">=20"
      },
      "peerDependencies": {
        "@usetoki/toki": ">=0.3.0"
      }
    },
    "plugins/helmet": {
      "name": "@usetoki/toki-helmet",
      "version": "0.1.0",
      "license": "MIT",
      "devDependencies": {
        "@usetoki/toki": "file:../.."
      },
      "engines": {
        "node": ">=20"
      },
      "peerDependencies": {
        "@usetoki/toki": ">=0.2.0"
      }
    },
    "plugins/idempotency": {
      "name": "@usetoki/toki-idempotency",
      "version": "0.1.2",
      "license": "MIT",
      "devDependencies": {
        "@usetoki/toki": "file:../.."
      },
      "engines": {
        "node": ">=20"
      },
      "peerDependencies": {
        "@usetoki/toki": ">=0.3.0"
      }
    },
    "plugins/ip-filter": {
      "name": "@usetoki/toki-ip-filter",
      "version": "0.1.0",
      "license": "MIT",
      "devDependencies": {
        "@usetoki/toki": "file:../.."
      },
      "engines": {
        "node": ">=20"
      },
      "peerDependencies": {
        "@usetoki/toki": ">=0.3.0"
      }
    },
    "plugins/jwt": {
      "name": "@usetoki/toki-jwt",
      "version": "0.1.2",
      "license": "MIT",
      "devDependencies": {
        "@usetoki/toki": "file:../.."
      },
      "engines": {
        "node": ">=20"
      },
      "peerDependencies": {
        "@usetoki/toki": ">=0.3.0"
      }
    },
    "plugins/multipart-storage": {
      "name": "@usetoki/toki-multipart-storage",
      "version": "0.1.0",
      "license": "MIT",
      "devDependencies": {
        "@usetoki/toki": "file:../.."
      },
      "engines": {
        "node": ">=20"
      },
      "peerDependencies": {
        "@usetoki/toki": ">=0.3.0"
      }
    },
    "plugins/proxy": {
      "name": "@usetoki/toki-proxy",
      "version": "0.1.0",
      "license": "MIT",
      "devDependencies": {
        "@usetoki/toki": "file:../.."
      },
      "engines": {
        "node": ">=20"
      },
      "peerDependencies": {
        "@usetoki/toki": ">=0.3.0"
      }
    },
    "plugins/range": {
      "name": "@usetoki/toki-range",
      "version": "0.1.0",
      "license": "MIT",
      "devDependencies": {
        "@usetoki/toki": "file:../.."
      },
      "engines": {
        "node": ">=20"
      },
      "peerDependencies": {
        "@usetoki/toki": ">=0.3.0"
      }
    },
    "plugins/ratelimiter": {
      "name": "@usetoki/toki-ratelimiter",
      "version": "0.1.3",
      "license": "MIT",
      "devDependencies": {
        "@usetoki/toki": "file:../.."
      },
      "engines": {
        "node": ">=20"
      },
      "peerDependencies": {
        "@usetoki/toki": ">=0.2.0"
      }
    },
    "plugins/secure-session": {
      "name": "@usetoki/toki-secure-session",
      "version": "0.1.0",
      "license": "MIT",
      "dependencies": {
        "@usetoki/toki-cookie": "^0.1.0"
      },
      "devDependencies": {
        "@usetoki/toki": "file:../.."
      },
      "engines": {
        "node": ">=20"
      },
      "peerDependencies": {
        "@usetoki/toki": ">=0.3.0"
      }
    },
    "plugins/sensible": {
      "name": "@usetoki/toki-sensible",
      "version": "0.1.0",
      "license": "MIT",
      "devDependencies": {
        "@usetoki/toki": "file:../.."
      },
      "engines": {
        "node": ">=20"
      },
      "peerDependencies": {
        "@usetoki/toki": ">=0.3.0"
      }
    },
    "plugins/session": {
      "name": "@usetoki/toki-session",
      "version": "0.1.1",
      "license": "MIT",
      "dependencies": {
        "@usetoki/toki-cookie": "^0.1.0"
      },
      "devDependencies": {
        "@usetoki/toki": "file:../.."
      },
      "engines": {
        "node": ">=20"
      },
      "peerDependencies": {
        "@usetoki/toki": ">=0.3.0"
      }
    },
    "plugins/sse": {
      "name": "@usetoki/toki-sse",
      "version": "0.1.2",
      "license": "MIT",
      "devDependencies": {
        "@usetoki/toki": "file:../.."
      },
      "engines": {
        "node": ">=20"
      },
      "peerDependencies": {
        "@usetoki/toki": ">=0.3.0"
      }
    },
    "plugins/view": {
      "name": "@usetoki/toki-view",
      "version": "0.1.0",
      "license": "MIT",
      "devDependencies": {
        "@usetoki/toki": "file:../.."
      },
      "engines": {
        "node": ">=20"
      },
      "peerDependencies": {
        "@usetoki/toki": ">=0.3.0"
      }
    }
  }
}
