{
  "name": "@usetoki/toki",
  "version": "0.2.0",
  "lockfileVersion": 3,
  "requires": true,
  "dev": true,
  "packages": {
    "": {
      "name": "@usetoki/toki",
      "version": "0.2.0",
      "license": "MIT",
      "workspaces": [
        "plugins/*"
      ],
      "devDependencies": {
        "@types/node": "^24",
        "prettier": "^3",
        "typescript": "^5"
      },
      "engines": {
        "node": ">=20"
      },
      "optionalDependencies": {
        "@usetoki/toki-darwin-arm64": "0.2.0",
        "@usetoki/toki-darwin-x64": "0.2.0",
        "@usetoki/toki-freebsd-x64": "0.2.0",
        "@usetoki/toki-linux-arm-gnueabihf": "0.2.0",
        "@usetoki/toki-linux-arm64-gnu": "0.2.0",
        "@usetoki/toki-linux-arm64-musl": "0.2.0",
        "@usetoki/toki-linux-x64-gnu": "0.2.0",
        "@usetoki/toki-linux-x64-musl": "0.2.0",
        "@usetoki/toki-win32-arm64-msvc": "0.2.0",
        "@usetoki/toki-win32-ia32-msvc": "0.2.0",
        "@usetoki/toki-win32-x64-msvc": "0.2.0"
      }
    },
    "node_modules/@types/node": {
      "version": "24.13.0",
      "resolved": "https://registry.npmjs.org/@types/node/-/node-24.13.0.tgz",
      "integrity": "sha512-5vtOqGQr4NJKeEzV441FcOi2MeG9UTWq9LqVLGneDdu4vlX17H8kQ2PA2UmNwCUGPVDj4oBjNhS7ReVEIWJJrg==",
      "dev": true,
      "license": "MIT",
      "dependencies": {
        "undici-types": "~7.18.0"
      }
    },
    "node_modules/@usetoki/toki": {
      "resolved": "",
      "link": true
    },
    "node_modules/@usetoki/toki-darwin-arm64": {
      "version": "0.2.0",
      "resolved": "https://registry.npmjs.org/@usetoki/toki-darwin-arm64/-/toki-darwin-arm64-0.2.0.tgz",
      "integrity": "sha512-AhO2Zd6hRDbgoOhB976ph/8CZgri06oFZsssMZtlJlg7ocamIAUvFFhak/wzFLwparbjaL3k9kSf1Lw59thC7g==",
      "cpu": [
        "arm64"
      ],
      "license": "MIT",
      "optional": true,
      "os": [
        "darwin"
      ],
      "engines": {
        "node": ">=20"
      }
    },
    "node_modules/@usetoki/toki-darwin-x64": {
      "version": "0.2.0",
      "resolved": "https://registry.npmjs.org/@usetoki/toki-darwin-x64/-/toki-darwin-x64-0.2.0.tgz",
      "integrity": "sha512-ZFEu3SnwTjFNor1kxWQcMEweBIk0Y8w+wbyUcsjjQDvXBNGm+gSSXB/PsD5U675AjmuS4YFqU+g4rPuXrQg/AQ==",
      "cpu": [
        "x64"
      ],
      "license": "MIT",
      "optional": true,
      "os": [
        "darwin"
      ],
      "engines": {
        "node": ">=20"
      }
    },
    "node_modules/@usetoki/toki-freebsd-x64": {
      "version": "0.2.0",
      "resolved": "https://registry.npmjs.org/@usetoki/toki-freebsd-x64/-/toki-freebsd-x64-0.2.0.tgz",
      "integrity": "sha512-U5U+j7gvhQNm/FMHj+DswD2JaEQsBu/jZ0tOmEH9EUyYx6BH8guu5wifc+cDSML5ugBUIsmoiuDhX47Pe8b7GA==",
      "cpu": [
        "x64"
      ],
      "license": "MIT",
      "optional": true,
      "os": [
        "freebsd"
      ],
      "engines": {
        "node": ">=20"
      }
    },
    "node_modules/@usetoki/toki-helmet": {
      "resolved": "plugins/helmet",
      "link": true
    },
    "node_modules/@usetoki/toki-linux-arm-gnueabihf": {
      "version": "0.2.0",
      "resolved": "https://registry.npmjs.org/@usetoki/toki-linux-arm-gnueabihf/-/toki-linux-arm-gnueabihf-0.2.0.tgz",
      "integrity": "sha512-OMJFGAAz7g6P8nFijC16o7uvmt8r0VjOlIs9QNumhmLkN8iRgA4bldBKBr8YPuk3AGyFmq7emkNOncXsDk4BPg==",
      "cpu": [
        "arm"
      ],
      "libc": [
        "glibc"
      ],
      "license": "MIT",
      "optional": true,
      "os": [
        "linux"
      ],
      "engines": {
        "node": ">=20"
      }
    },
    "node_modules/@usetoki/toki-linux-arm64-gnu": {
      "version": "0.2.0",
      "resolved": "https://registry.npmjs.org/@usetoki/toki-linux-arm64-gnu/-/toki-linux-arm64-gnu-0.2.0.tgz",
      "integrity": "sha512-2A01UovNVy7sC/45RqelYZAW7PxAf7B/K9msdqZBav+Nbge7pcvVA4OmNnKlbNv3duBfNkHM3lE+52dcWEny9g==",
      "cpu": [
        "arm64"
      ],
      "libc": [
        "glibc"
      ],
      "license": "MIT",
      "optional": true,
      "os": [
        "linux"
      ],
      "engines": {
        "node": ">=20"
      }
    },
    "node_modules/@usetoki/toki-linux-arm64-musl": {
      "version": "0.2.0",
      "resolved": "https://registry.npmjs.org/@usetoki/toki-linux-arm64-musl/-/toki-linux-arm64-musl-0.2.0.tgz",
      "integrity": "sha512-ZkJwJ9bUUOhINj3fAgEUkWMY6gUszuSNkfCynbCA2dWb0D/WNuBAZVVt/CiGvosqu5H9TgJXZ/0cttQmJeuUQQ==",
      "cpu": [
        "arm64"
      ],
      "libc": [
        "musl"
      ],
      "license": "MIT",
      "optional": true,
      "os": [
        "linux"
      ],
      "engines": {
        "node": ">=20"
      }
    },
    "node_modules/@usetoki/toki-linux-x64-gnu": {
      "version": "0.2.0",
      "resolved": "https://registry.npmjs.org/@usetoki/toki-linux-x64-gnu/-/toki-linux-x64-gnu-0.2.0.tgz",
      "integrity": "sha512-/w5gWvXyi4k9ild/fmLJ1ri3yWq0NB8MNfVzCRJxAa+9Tkfo+IWoRv9LweFJ3Az8mEkx0stDV+32yT/r5JUCBw==",
      "cpu": [
        "x64"
      ],
      "libc": [
        "glibc"
      ],
      "license": "MIT",
      "optional": true,
      "os": [
        "linux"
      ],
      "engines": {
        "node": ">=20"
      }
    },
    "node_modules/@usetoki/toki-linux-x64-musl": {
      "version": "0.2.0",
      "resolved": "https://registry.npmjs.org/@usetoki/toki-linux-x64-musl/-/toki-linux-x64-musl-0.2.0.tgz",
      "integrity": "sha512-RIWFsdWjdNXf/gM55a3PFZf4HKDYp14IcNk1p2ZabzK8V0+11at1nhP4HD5skQDR0AQX5Q+9+QIcWzlFrzeyWw==",
      "cpu": [
        "x64"
      ],
      "libc": [
        "musl"
      ],
      "license": "MIT",
      "optional": true,
      "os": [
        "linux"
      ],
      "engines": {
        "node": ">=20"
      }
    },
    "node_modules/@usetoki/toki-ratelimiter": {
      "resolved": "plugins/ratelimiter",
      "link": true
    },
    "node_modules/@usetoki/toki-win32-arm64-msvc": {
      "version": "0.2.0",
      "resolved": "https://registry.npmjs.org/@usetoki/toki-win32-arm64-msvc/-/toki-win32-arm64-msvc-0.2.0.tgz",
      "integrity": "sha512-3xEQqDYBe6fnrhTR5jGQBfxurZAoOW3xDRqnpWf/6H1z0j5TbXWuVeMF/aOptcPHBQz5aPMfEfhEf0xtLEKzxg==",
      "cpu": [
        "arm64"
      ],
      "license": "MIT",
      "optional": true,
      "os": [
        "win32"
      ],
      "engines": {
        "node": ">=20"
      }
    },
    "node_modules/@usetoki/toki-win32-ia32-msvc": {
      "version": "0.2.0",
      "resolved": "https://registry.npmjs.org/@usetoki/toki-win32-ia32-msvc/-/toki-win32-ia32-msvc-0.2.0.tgz",
      "integrity": "sha512-5TVSRNLz2OiQakwVeQWr/dpPE9lkYet8eflPy3MBr/LCfAGjztThdspNfNxmyo6Jwzfc9jaEjfhYut0MjxUG6A==",
      "cpu": [
        "ia32"
      ],
      "license": "MIT",
      "optional": true,
      "os": [
        "win32"
      ],
      "engines": {
        "node": ">=20"
      }
    },
    "node_modules/@usetoki/toki-win32-x64-msvc": {
      "version": "0.2.0",
      "resolved": "https://registry.npmjs.org/@usetoki/toki-win32-x64-msvc/-/toki-win32-x64-msvc-0.2.0.tgz",
      "integrity": "sha512-2xIHJdI0/fSVI2deOFaTdsWJXEHAA83s6XnsnDAoKGousjeU03kFSPmAQfnvOWGA+y759vExyRg6PNmmHPnX8g==",
      "cpu": [
        "x64"
      ],
      "license": "MIT",
      "optional": true,
      "os": [
        "win32"
      ],
      "engines": {
        "node": ">=20"
      }
    },
    "node_modules/prettier": {
      "version": "3.8.3",
      "resolved": "https://registry.npmjs.org/prettier/-/prettier-3.8.3.tgz",
      "integrity": "sha512-7igPTM53cGHMW8xWuVTydi2KO233VFiTNyF5hLJqpilHfmn8C8gPf+PS7dUT64YcXFbiMGZxS9pCSxL/Dxm/Jw==",
      "dev": true,
      "license": "MIT",
      "bin": {
        "prettier": "bin/prettier.cjs"
      },
      "engines": {
        "node": ">=14"
      },
      "funding": {
        "url": "https://github.com/prettier/prettier?sponsor=1"
      }
    },
    "node_modules/typescript": {
      "version": "5.9.3",
      "resolved": "https://registry.npmjs.org/typescript/-/typescript-5.9.3.tgz",
      "integrity": "sha512-jl1vZzPDinLr9eUt3J/t7V6FgNEw9QjvBPdysz9KfQDD41fQrC2Y4vKQdiaUpFT4bXlb1RHhLpp8wtm6M5TgSw==",
      "dev": true,
      "license": "Apache-2.0",
      "bin": {
        "tsc": "bin/tsc",
        "tsserver": "bin/tsserver"
      },
      "engines": {
        "node": ">=14.17"
      }
    },
    "node_modules/undici-types": {
      "version": "7.18.2",
      "resolved": "https://registry.npmjs.org/undici-types/-/undici-types-7.18.2.tgz",
      "integrity": "sha512-AsuCzffGHJybSaRrmr5eHr81mwJU3kjw6M+uprWvCXiNeN9SOGwQ3Jn8jb8m3Z6izVgknn1R0FTCEAP2QrLY/w==",
      "dev": true,
      "license": "MIT"
    },
    "plugins/helmet": {
      "name": "@usetoki/toki-helmet",
      "version": "0.1.0",
      "license": "MIT",
      "devDependencies": {
        "@usetoki/toki": "^0.2.0"
      },
      "engines": {
        "node": ">=20"
      },
      "peerDependencies": {
        "@usetoki/toki": ">=0.2.0"
      }
    },
    "plugins/ratelimiter": {
      "name": "@usetoki/toki-ratelimiter",
      "version": "0.1.0",
      "license": "MIT",
      "devDependencies": {
        "@usetoki/toki": "^0.2.0"
      },
      "engines": {
        "node": ">=20"
      },
      "peerDependencies": {
        "@usetoki/toki": ">=0.2.0"
      }
    }
  }
}
